Microsoft Visual Studio Solution File, Format Version 12.00
# Visual Studio Version 17
VisualStudioVersion = 17.7.34031.279
MinimumVisualStudioVersion = 16.0.0.0
Project("{9A19103F-16F7-4668-BE54-9A1E7A4F7556}") = "LODExample.Windows", "LODExample.Windows\LODExample.Windows.csproj", "{3839962D-5853-4E7C-883C-66A84CC980D3}"
EndProject
Project("{9A19103F-16F7-4668-BE54-9A1E7A4F7556}") = "LODExample", "LODExample\LODExample.csproj", "{57659654-C620-47B0-9EF5-47EDC44A794F}"
EndProject
Global
	GlobalSection(SolutionConfigurationPlatforms) = preSolution
		Debug|Any CPU = Debug|Any CPU
		Release|Any CPU = Release|Any CPU
	EndGlobalSection
	GlobalSection(ProjectConfigurationPlatforms) = postSolution
		{3839962D-5853-4E7C-883C-66A84CC980D3}.Debug|Any CPU.ActiveCfg = Debug|Any CPU
		{3839962D-5853-4E7C-883C-66A84CC980D3}.Debug|Any CPU.Build.0 = Debug|Any CPU
		{3839962D-5853-4E7C-883C-66A84CC980D3}.Release|Any CPU.ActiveCfg = Release|Any CPU
		{3839962D-5853-4E7C-883C-66A84CC980D3}.Release|Any CPU.Build.0 = Release|Any CPU
		{57659654-C620-47B0-9EF5-47EDC44A794F}.Debug|Any CPU.ActiveCfg = Debug|Any CPU
		{57659654-C620-47B0-9EF5-47EDC44A794F}.Debug|Any CPU.Build.0 = Debug|Any CPU
		{57659654-C620-47B0-9EF5-47EDC44A794F}.Release|Any CPU.ActiveCfg = Release|Any CPU
		{57659654-C620-47B0-9EF5-47EDC44A794F}.Release|Any CPU.Build.0 = Release|Any CPU
	EndGlobalSection
	GlobalSection(SolutionProperties) = preSolution
		HideSolutionNode = FALSE
	EndGlobalSection
	GlobalSection(ExtensibilityGlobals) = postSolution
		SolutionGuid = {29684663-5CC4-4E7A-BA45-A67BB9A3F08B}
	EndGlobalSection
EndGlobal
